<?xml version="1.0" encoding="utf-8"?>
<Project ToolsVersion="4.0" xmlns="http://schemas.microsoft.com/developer/msbuild/2003">
  <ItemGroup>
    <Filter Include="Application">
      <UniqueIdentifier>{4d9ae2af-8d46-4396-bb5e-0b4385459f7b}</UniqueIdentifier>
    </Filter>
    <Filter Include="Config">
      <UniqueIdentifier>{2f8ed73e-e649-48c6-a0c5-58b4a2ef5b37}</UniqueIdentifier>
      <Extensions>*.h</Extensions>
    </Filter>
    <Filter Include="GUI">
      <UniqueIdentifier>{34677672-c1dc-49c8-ad18-0a0ae4dcbde5}</UniqueIdentifier>
    </Filter>
    <Filter Include="GUI\Inc">
      <UniqueIdentifier>{a7374a06-8665-457e-9400-3d7625810afe}</UniqueIdentifier>
    </Filter>
    <Filter Include="GUI\Lib">
      <UniqueIdentifier>{4c8df775-a04a-4c54-b780-aaea15ba0a4e}</UniqueIdentifier>
    </Filter>
    <Filter Include="Simulation">
      <UniqueIdentifier>{0ee3a819-0cac-4952-b7bc-c9ac1043b7cf}</UniqueIdentifier>
    </Filter>
  </ItemGroup>
  <ItemGroup>
    <ClCompile Include="Config\GUIConf.c">
      <Filter>Config</Filter>
    </ClCompile>
    <ClCompile Include="Config\LCDConf.c">
      <Filter>Config</Filter>
    </ClCompile>
    <ClCompile Include="Config\SIMConf.c">
      <Filter>Config</Filter>
    </ClCompile>
    <ClCompile Include="Application\MainTask.c">
      <Filter>Application</Filter>
    </ClCompile>
    <ClCompile Include="..\Simulation\WinMain.c">
      <Filter>Simulation</Filter>
    </ClCompile>
    <ClCompile Include="Application\UI_MainWindow.c">
      <Filter>Application</Filter>
    </ClCompile>
    <ClCompile Include="Application\UI_SettingsWindow.c">
      <Filter>Application</Filter>
    </ClCompile>
    <ClCompile Include="Application\UI_Device.c">
      <Filter>Application</Filter>
    </ClCompile>
  </ItemGroup>
  <ItemGroup>
    <ClInclude Include="Config\GUIConf.h">
      <Filter>Config</Filter>
    </ClInclude>
    <ClInclude Include="Config\LCDConf.h">
      <Filter>Config</Filter>
    </ClInclude>
    <ClInclude Include="Application\MainTask.h">
      <Filter>Application</Filter>
    </ClInclude>
    <ClInclude Include="..\inc\BUTTON.h">
      <Filter>GUI\Inc</Filter>
    </ClInclude>
    <ClInclude Include="..\inc\BUTTON_Private.h">
      <Filter>GUI\Inc</Filter>
    </ClInclude>
    <ClInclude Include="..\inc\CALENDAR.h">
      <Filter>GUI\Inc</Filter>
    </ClInclude>
    <ClInclude Include="..\inc\CHECKBOX.h">
      <Filter>GUI\Inc</Filter>
    </ClInclude>
    <ClInclude Include="..\inc\CHECKBOX_Private.h">
      <Filter>GUI\Inc</Filter>
    </ClInclude>
    <ClInclude Include="..\inc\CHOOSECOLOR.h">
      <Filter>GUI\Inc</Filter>
    </ClInclude>
    <ClInclude Include="..\inc\CHOOSEFILE.h">
      <Filter>GUI\Inc</Filter>
    </ClInclude>
    <ClInclude Include="..\inc\DIALOG.h">
      <Filter>GUI\Inc</Filter>
    </ClInclude>
    <ClInclude Include="..\inc\DIALOG_Intern.h">
      <Filter>GUI\Inc</Filter>
    </ClInclude>
    <ClInclude Include="..\inc\DROPDOWN.h">
      <Filter>GUI\Inc</Filter>
    </ClInclude>
    <ClInclude Include="..\inc\DROPDOWN_Private.h">
      <Filter>GUI\Inc</Filter>
    </ClInclude>
    <ClInclude Include="..\inc\EDIT.h">
      <Filter>GUI\Inc</Filter>
    </ClInclude>
    <ClInclude Include="..\inc\EDIT_Private.h">
      <Filter>GUI\Inc</Filter>
    </ClInclude>
    <ClInclude Include="..\inc\FRAMEWIN.h">
      <Filter>GUI\Inc</Filter>
    </ClInclude>
    <ClInclude Include="..\inc\FRAMEWIN_Private.h">
      <Filter>GUI\Inc</Filter>
    </ClInclude>
    <ClInclude Include="..\inc\Global.h">
      <Filter>GUI\Inc</Filter>
    </ClInclude>
    <ClInclude Include="..\inc\GRAPH.h">
      <Filter>GUI\Inc</Filter>
    </ClInclude>
    <ClInclude Include="..\inc\GRAPH_Private.h">
      <Filter>GUI\Inc</Filter>
    </ClInclude>
    <ClInclude Include="..\inc\GUI.h">
      <Filter>GUI\Inc</Filter>
    </ClInclude>
    <ClInclude Include="..\inc\GUI_ARRAY.h">
      <Filter>GUI\Inc</Filter>
    </ClInclude>
    <ClInclude Include="..\inc\GUI_ARRAY_Private.h">
      <Filter>GUI\Inc</Filter>
    </ClInclude>
    <ClInclude Include="..\inc\GUI_BMP_Private.h">
      <Filter>GUI\Inc</Filter>
    </ClInclude>
    <ClInclude Include="..\inc\GUI_ConfDefaults.h">
      <Filter>GUI\Inc</Filter>
    </ClInclude>
    <ClInclude Include="..\inc\GUI_Debug.h">
      <Filter>GUI\Inc</Filter>
    </ClInclude>
    <ClInclude Include="..\inc\GUI_FontIntern.h">
      <Filter>GUI\Inc</Filter>
    </ClInclude>
    <ClInclude Include="..\inc\GUI_GIF_Private.h">
      <Filter>GUI\Inc</Filter>
    </ClInclude>
    <ClInclude Include="..\inc\GUI_HOOK.h">
      <Filter>GUI\Inc</Filter>
    </ClInclude>
    <ClInclude Include="..\inc\GUI_JPEG_Private.h">
      <Filter>GUI\Inc</Filter>
    </ClInclude>
    <ClInclude Include="..\inc\GUI_Private.h">
      <Filter>GUI\Inc</Filter>
    </ClInclude>
    <ClInclude Include="..\inc\GUI_SetOrientation.h">
      <Filter>GUI\Inc</Filter>
    </ClInclude>
    <ClInclude Include="..\inc\GUI_SetOrientationCX.h">
      <Filter>GUI\Inc</Filter>
    </ClInclude>
    <ClInclude Include="..\inc\GUI_SIM_Win32.h">
      <Filter>GUI\Inc</Filter>
    </ClInclude>
    <ClInclude Include="..\inc\GUI_SPRITE_Private.h">
      <Filter>GUI\Inc</Filter>
    </ClInclude>
    <ClInclude Include="..\inc\GUI_Type.h">
      <Filter>GUI\Inc</Filter>
    </ClInclude>
    <ClInclude Include="..\inc\GUI_Version.h">
      <Filter>GUI\Inc</Filter>
    </ClInclude>
    <ClInclude Include="..\inc\GUI_VNC.h">
      <Filter>GUI\Inc</Filter>
    </ClInclude>
    <ClInclude Include="..\inc\GUIDRV_DCache.h">
      <Filter>GUI\Inc</Filter>
    </ClInclude>
    <ClInclude Include="..\inc\GUIDRV_DCache_Private.h">
      <Filter>GUI\Inc</Filter>
    </ClInclude>
    <ClInclude Include="..\inc\GUIDRV_Dist.h">
      <Filter>GUI\Inc</Filter>
    </ClInclude>
    <ClInclude Include="..\inc\GUIDRV_FlexColor.h">
      <Filter>GUI\Inc</Filter>
    </ClInclude>
    <ClInclude Include="..\inc\GUIDRV_FlexColor_Private.h">
      <Filter>GUI\Inc</Filter>
    </ClInclude>
    <ClInclude Include="..\inc\GUIDRV_Generic.h">
      <Filter>GUI\Inc</Filter>
    </ClInclude>
    <ClInclude Include="..\inc\GUIDRV_Lin.h">
      <Filter>GUI\Inc</Filter>
    </ClInclude>
    <ClInclude Include="..\inc\GUIDRV_Lin_Opt_8.h">
      <Filter>GUI\Inc</Filter>
    </ClInclude>
    <ClInclude Include="..\inc\GUIDRV_Lin_Opt_16.h">
      <Filter>GUI\Inc</Filter>
    </ClInclude>
    <ClInclude Include="..\inc\GUIDRV_Lin_Opt_24.h">
      <Filter>GUI\Inc</Filter>
    </ClInclude>
    <ClInclude Include="..\inc\GUIDRV_Lin_Opt_32.h">
      <Filter>GUI\Inc</Filter>
    </ClInclude>
    <ClInclude Include="..\inc\GUIDRV_Lin_Private.h">
      <Filter>GUI\Inc</Filter>
    </ClInclude>
    <ClInclude Include="..\inc\GUIDRV_NoOpt_1_8.h">
      <Filter>GUI\Inc</Filter>
    </ClInclude>
    <ClInclude Include="..\inc\GUIDRV_Template.h">
      <Filter>GUI\Inc</Filter>
    </ClInclude>
    <ClInclude Include="..\inc\GUIDRV_TemplateI.h">
      <Filter>GUI\Inc</Filter>
    </ClInclude>
    <ClInclude Include="..\inc\GUIDRV_TemplateI_Private.h">
      <Filter>GUI\Inc</Filter>
    </ClInclude>
    <ClInclude Include="..\inc\HEADER.h">
      <Filter>GUI\Inc</Filter>
    </ClInclude>
    <ClInclude Include="..\inc\HEADER_Private.h">
      <Filter>GUI\Inc</Filter>
    </ClInclude>
    <ClInclude Include="..\inc\ICONVIEW.h">
      <Filter>GUI\Inc</Filter>
    </ClInclude>
    <ClInclude Include="..\inc\ICONVIEW_Private.h">
      <Filter>GUI\Inc</Filter>
    </ClInclude>
    <ClInclude Include="..\inc\IMAGE.h">
      <Filter>GUI\Inc</Filter>
    </ClInclude>
    <ClInclude Include="..\inc\IMAGE_Private.h">
      <Filter>GUI\Inc</Filter>
    </ClInclude>
    <ClInclude Include="..\inc\KNOB.h">
      <Filter>GUI\Inc</Filter>
    </ClInclude>
    <ClInclude Include="..\inc\KNOB_Private.h">
      <Filter>GUI\Inc</Filter>
    </ClInclude>
    <ClInclude Include="..\inc\LCD.h">
      <Filter>GUI\Inc</Filter>
    </ClInclude>
    <ClInclude Include="..\inc\LCD_ConfDefaults.h">
      <Filter>GUI\Inc</Filter>
    </ClInclude>
    <ClInclude Include="..\inc\LCD_Private.h">
      <Filter>GUI\Inc</Filter>
    </ClInclude>
    <ClInclude Include="..\inc\LCD_Protected.h">
      <Filter>GUI\Inc</Filter>
    </ClInclude>
    <ClInclude Include="..\inc\LCD_SIM.h">
      <Filter>GUI\Inc</Filter>
    </ClInclude>
    <ClInclude Include="..\inc\LISTBOX.h">
      <Filter>GUI\Inc</Filter>
    </ClInclude>
    <ClInclude Include="..\inc\LISTBOX_Private.h">
      <Filter>GUI\Inc</Filter>
    </ClInclude>
    <ClInclude Include="..\inc\LISTVIEW.h">
      <Filter>GUI\Inc</Filter>
    </ClInclude>
    <ClInclude Include="..\inc\LISTVIEW_Private.h">
      <Filter>GUI\Inc</Filter>
    </ClInclude>
    <ClInclude Include="..\inc\LISTWHEEL.h">
      <Filter>GUI\Inc</Filter>
    </ClInclude>
    <ClInclude Include="..\inc\LISTWHEEL_Private.h">
      <Filter>GUI\Inc</Filter>
    </ClInclude>
    <ClInclude Include="..\inc\MENU.h">
      <Filter>GUI\Inc</Filter>
    </ClInclude>
    <ClInclude Include="..\inc\MENU_Private.h">
      <Filter>GUI\Inc</Filter>
    </ClInclude>
    <ClInclude Include="..\inc\MESSAGEBOX.h">
      <Filter>GUI\Inc</Filter>
    </ClInclude>
    <ClInclude Include="..\inc\MULTIEDIT.h">
      <Filter>GUI\Inc</Filter>
    </ClInclude>
    <ClInclude Include="..\inc\MULTIPAGE.h">
      <Filter>GUI\Inc</Filter>
    </ClInclude>
    <ClInclude Include="..\inc\MULTIPAGE_Private.h">
      <Filter>GUI\Inc</Filter>
    </ClInclude>
    <ClInclude Include="..\inc\PROGBAR.h">
      <Filter>GUI\Inc</Filter>
    </ClInclude>
    <ClInclude Include="..\inc\PROGBAR_Private.h">
      <Filter>GUI\Inc</Filter>
    </ClInclude>
    <ClInclude Include="..\inc\RADIO.h">
      <Filter>GUI\Inc</Filter>
    </ClInclude>
    <ClInclude Include="..\inc\RADIO_Private.h">
      <Filter>GUI\Inc</Filter>
    </ClInclude>
    <ClInclude Include="..\inc\SCROLLBAR.h">
      <Filter>GUI\Inc</Filter>
    </ClInclude>
    <ClInclude Include="..\inc\SCROLLBAR_Private.h">
      <Filter>GUI\Inc</Filter>
    </ClInclude>
    <ClInclude Include="..\inc\SLIDER.h">
      <Filter>GUI\Inc</Filter>
    </ClInclude>
    <ClInclude Include="..\inc\SLIDER_Private.h">
      <Filter>GUI\Inc</Filter>
    </ClInclude>
    <ClInclude Include="..\inc\SPINBOX.h">
      <Filter>GUI\Inc</Filter>
    </ClInclude>
    <ClInclude Include="..\inc\SPINBOX_Private.h">
      <Filter>GUI\Inc</Filter>
    </ClInclude>
    <ClInclude Include="..\inc\TEXT.h">
      <Filter>GUI\Inc</Filter>
    </ClInclude>
    <ClInclude Include="..\inc\TEXT_Private.h">
      <Filter>GUI\Inc</Filter>
    </ClInclude>
    <ClInclude Include="..\inc\TREEVIEW.h">
      <Filter>GUI\Inc</Filter>
    </ClInclude>
    <ClInclude Include="..\inc\TREEVIEW_Private.h">
      <Filter>GUI\Inc</Filter>
    </ClInclude>
    <ClInclude Include="..\inc\WIDGET.h">
      <Filter>GUI\Inc</Filter>
    </ClInclude>
    <ClInclude Include="..\inc\WINDOW_Private.h">
      <Filter>GUI\Inc</Filter>
    </ClInclude>
    <ClInclude Include="..\inc\WM.h">
      <Filter>GUI\Inc</Filter>
    </ClInclude>
    <ClInclude Include="..\inc\WM_GUI.h">
      <Filter>GUI\Inc</Filter>
    </ClInclude>
    <ClInclude Include="..\inc\WM_Intern.h">
      <Filter>GUI\Inc</Filter>
    </ClInclude>
    <ClInclude Include="Application\types.h">
      <Filter>Application</Filter>
    </ClInclude>
    <ClInclude Include="Application\UI_MainWindow.h">
      <Filter>Application</Filter>
    </ClInclude>
    <ClInclude Include="Application\UI_Struct.h">
      <Filter>Application</Filter>
    </ClInclude>
    <ClInclude Include="Application\UI_SettingsWindow.h">
      <Filter>Application</Filter>
    </ClInclude>
    <ClInclude Include="Application\UI_Device.h">
      <Filter>Application</Filter>
    </ClInclude>
  </ItemGroup>
  <ItemGroup>
    <Library Include="..\Lib\STemWin524b_WIN32.lib">
      <Filter>GUI\Lib</Filter>
    </Library>
    <Library Include="..\Simulation\GUISim.lib">
      <Filter>Simulation</Filter>
    </Library>
  </ItemGroup>
  <ItemGroup>
    <Resource Include="..\Simulation\Simulation.res">
      <Filter>Simulation</Filter>
    </Resource>
  </ItemGroup>
</Project>